
Microsoft Visual Studio Solution File, Format Version 12.00
# Visual Studio Version 16
VisualStudioVersion = 16.0.31702.278
MinimumVisualStudioVersion = 10.0.40219.1
Project("{FAE04EC0-301F-11D3-BF4B-00C04F79EFBC}") = "scaryMaze", "scaryMaze\scaryMaze.csproj", "{51483804-6016-4D6C-8C84-7731D7E05E54}"
EndProject
Global
	GlobalSection(SolutionConfigurationPlatforms) = preSolution
		Debug|Any CPU = Debug|Any CPU
		Release|Any CPU = Release|Any CPU
	EndGlobalSection
	GlobalSection(ProjectConfigurationPlatforms) = postSolution
		{51483804-6016-4D6C-8C84-7731D7E05E54}.Debug|Any CPU.ActiveCfg = Debug|Any CPU
		{51483804-6016-4D6C-8C84-7731D7E05E54}.Debug|Any CPU.Build.0 = Debug|Any CPU
		{51483804-6016-4D6C-8C84-7731D7E05E54}.Release|Any CPU.ActiveCfg = Release|Any CPU
		{51483804-6016-4D6C-8C84-7731D7E05E54}.Release|Any CPU.Build.0 = Release|Any CPU
	EndGlobalSection
	GlobalSection(SolutionProperties) = preSolution
		HideSolutionNode = FALSE
	EndGlobalSection
	GlobalSection(ExtensibilityGlobals) = postSolution
		SolutionGuid = {F2A44FD8-0157-4B1C-82A9-FF8E202F47A3}
	EndGlobalSection
EndGlobal
